PODS:
  - AsyncDisplayKit (1.2):
    - AsyncDisplayKit/ASDealloc2MainObject (= 1.2)
  - AsyncDisplayKit/ASDealloc2MainObject (1.2)
  - HanekeSwift (0.9.1)

DEPENDENCIES:
  - AsyncDisplayKit (= 1.2)
  - HanekeSwift (= 0.9.1)

SPEC CHECKSUMS:
  AsyncDisplayKit: 32d5b9112b8c1b6644b54429e0cda4fbf6563781
  HanekeSwift: 50d37bfbc4432edc649167e538c259feccb4a2bb

COCOAPODS: 0.37.2
