PODS:
  - AsyncDisplayKit (1.2):
    - AsyncDisplayKit/ASDealloc2MainObject (= 1.2)
  - AsyncDisplayKit/ASDealloc2MainObject (1.2)
  - Faker (0.1.0):
    - SwiftyJSON (~> 2.2.0)
  - HanekeSwift (0.9.1)
  - SwiftyJSON (2.2.0)
  - TimeAgo (0.1.0)
  - Wall (0.1.0):
    - AsyncDisplayKit (~> 1.2)
    - HanekeSwift (~> 0.9.1)

DEPENDENCIES:
  - Faker (from `https://github.com/vadymmarkov/Faker`)
  - TimeAgo (from `https://github.com/hyperoslo/TimeAgo`)
  - Wall (from `../../`)

EXTERNAL SOURCES:
  Faker:
    :git: https://github.com/vadymmarkov/Faker
  TimeAgo:
    :git: https://github.com/hyperoslo/TimeAgo
  Wall:
    :path: ../../

CHECKOUT OPTIONS:
  Faker:
    :commit: 49a53cbc60bb2c8757eb0efcb2994759027062a8
    :git: https://github.com/vadymmarkov/Faker
  TimeAgo:
    :commit: 3d371e8ba0576f6bb3cc9181a2a74a717c8fa060
    :git: https://github.com/hyperoslo/TimeAgo

SPEC CHECKSUMS:
  AsyncDisplayKit: 32d5b9112b8c1b6644b54429e0cda4fbf6563781
  Faker: ec2361307c261ae4b26c8da20b127d416faf0ebd
  HanekeSwift: 50d37bfbc4432edc649167e538c259feccb4a2bb
  SwiftyJSON: 0b3e6c07af17ff745e77e8e9984097b55c956e5c
  TimeAgo: e82c5171b70a4ad868fc30bf13090e4fe036808d
  Wall: 18d79fd91eddf056dd19c43e5b45b7f671231d06

COCOAPODS: 0.37.2
