// !$*UTF8*$!
{
	archiveVersion = 1;
	classes = {
	};
	objectVersion = 46;
	objects = {

/* Begin PBXBuildFile section */
		BD2ED3D31B1B8D1700FC0034 /* icon.png in Resources */ = {isa = PBXBuildFile; fileRef = BD2ED3D21B1B8D1700FC0034 /* icon.png */; };
		BDF241091B16439D00D571F6 /* AppDelegate.swift in Sources */ = {isa = PBXBuildFile; fileRef = BDF241081B16439D00D571F6 /* AppDelegate.swift */; };
		BDF2410B1B16439D00D571F6 /* ViewController.swift in Sources */ = {isa = PBXBuildFile; fileRef = BDF2410A1B16439D00D571F6 /* ViewController.swift */; };
		BDF241101B16439D00D571F6 /* Images.xcassets in Resources */ = {isa = PBXBuildFile; fileRef = BDF2410F1B16439D00D571F6 /* Images.xcassets */; };
		BDF241291B1643E000D571F6 /* Podfile in Resources */ = {isa = PBXBuildFile; fileRef = BDF241281B1643E000D571F6 /* Podfile */; };
		BDFD40F61B18A2B800A8A55D /* DetailViewController.swift in Sources */ = {isa = PBXBuildFile; fileRef = BDFD40F51B18A2B800A8A55D /* DetailViewController.swift */; };
		D5B7714C1B170310008CC3B3 /* LaunchScreen.xib in Resources */ = {isa = PBXBuildFile; fileRef = D5B7714B1B170310008CC3B3 /* LaunchScreen.xib */; };
		D5D9C6E71B265F4B00871872 /* Localizable.stringsdict in Resources */ = {isa = PBXBuildFile; fileRef = D5D9C6E91B265F4B00871872 /* Localizable.stringsdict */; };
		D5D9C6ED1B265F7F00871872 /* Localizable.strings in Resources */ = {isa = PBXBuildFile; fileRef = D5D9C6EF1B265F7F00871872 /* Localizable.strings */; };
		F19271B1F44F9A001FE0B74C /* Pods.framework in Frameworks */ = {isa = PBXBuildFile; fileRef = 4A589AF8E62EC4E167702DFC /* Pods.framework */; settings = {ATTRIBUTES = (Weak, ); }; };
/* End PBXBuildFile section */

/* Begin PBXFileReference section */
		4445859C2DFFDE1F2F93C359 /* Pods.release.xcconfig */ = {isa = PBXFileReference; includeInIndex = 1; lastKnownFileType = text.xcconfig; name = Pods.release.xcconfig; path = "Pods/Target Support Files/Pods/Pods.release.xcconfig"; sourceTree = "<group>"; };
		4A589AF8E62EC4E167702DFC /* Pods.framework */ = {isa = PBXFileReference; explicitFileType = wrapper.framework; includeInIndex = 0; path = Pods.framework; sourceTree = BUILT_PRODUCTS_DIR; };
		BD2ED3D21B1B8D1700FC0034 /* icon.png */ = {isa = PBXFileReference; lastKnownFileType = image.png; name = icon.png; path = ../../../Images/icon.png; sourceTree = "<group>"; };
		BDF241031B16439D00D571F6 /* InfiniteScroll.app */ = {isa = PBXFileReference; explicitFileType = wrapper.application; includeInIndex = 0; path = InfiniteScroll.app; sourceTree = BUILT_PRODUCTS_DIR; };
		BDF241071B16439D00D571F6 /* Info.plist */ = {isa = PBXFileReference; lastKnownFileType = text.plist.xml; path = Info.plist; sourceTree = "<group>"; };
		BDF241081B16439D00D571F6 /* AppDelegate.swift */ = {isa = PBXFileReference; lastKnownFileType = sourcecode.swift; path = AppDelegate.swift; sourceTree = "<group>"; };
		BDF2410A1B16439D00D571F6 /* ViewController.swift */ = {isa = PBXFileReference; lastKnownFileType = sourcecode.swift; path = ViewController.swift; sourceTree = "<group>"; };
		BDF2410F1B16439D00D571F6 /* Images.xcassets */ = {isa = PBXFileReference; lastKnownFileType = folder.assetcatalog; path = Images.xcassets; sourceTree = "<group>"; };
		BDF241281B1643E000D571F6 /* Podfile */ = {isa = PBXFileReference; fileEncoding = 4; lastKnownFileType = text; path = Podfile; sourceTree = SOURCE_ROOT; xcLanguageSpecificationIdentifier = xcode.lang.ruby; };
		BDFD40F51B18A2B800A8A55D /* DetailViewController.swift */ = {isa = PBXFileReference; fileEncoding = 4; lastKnownFileType = sourcecode.swift; path = DetailViewController.swift; sourceTree = "<group>"; };
		C9CA9B2940F1605E016CD681 /* Pods.debug.xcconfig */ = {isa = PBXFileReference; includeInIndex = 1; lastKnownFileType = text.xcconfig; name = Pods.debug.xcconfig; path = "Pods/Target Support Files/Pods/Pods.debug.xcconfig"; sourceTree = "<group>"; };
		D5B7714B1B170310008CC3B3 /* LaunchScreen.xib */ = {isa = PBXFileReference; fileEncoding = 4; lastKnownFileType = file.xib; path = LaunchScreen.xib; sourceTree = "<group>"; };
		D5D9C6E81B265F4B00871872 /* Base */ = {isa = PBXFileReference; lastKnownFileType = text.xml; name = Base; path = Base.lproj/Localizable.stringsdict; sourceTree = "<group>"; };
		D5D9C6EA1B265F4C00871872 /* en */ = {isa = PBXFileReference; lastKnownFileType = text.xml; name = en; path = en.lproj/Localizable.stringsdict; sourceTree = "<group>"; };
		D5D9C6EE1B265F7F00871872 /* Base */ = {isa = PBXFileReference; lastKnownFileType = text.plist.strings; name = Base; path = Base.lproj/Localizable.strings; sourceTree = "<group>"; };
		D5D9C6F01B265F8100871872 /* en */ = {isa = PBXFileReference; lastKnownFileType = text.plist.strings; name = en; path = en.lproj/Localizable.strings; sourceTree = "<group>"; };
/* End PBXFileReference section */

/* Begin PBXFrameworksBuildPhase section */
		BDF241001B16439D00D571F6 /* Frameworks */ = {
			isa = PBXFrameworksBuildPhase;
			buildActionMask = 2147483647;
			files = (
				F19271B1F44F9A001FE0B74C /* Pods.framework in Frameworks */,
			);
			runOnlyForDeploymentPostprocessing = 0;
		};
/* End PBXFrameworksBuildPhase section */

/* Begin PBXGroup section */
		718CDE9E8CB212DAEEFB6084 /* Frameworks */ = {
			isa = PBXGroup;
			children = (
				4A589AF8E62EC4E167702DFC /* Pods.framework */,
			);
			name = Frameworks;
			sourceTree = "<group>";
		};
		BDF240FA1B16439D00D571F6 = {
			isa = PBXGroup;
			children = (
				BDF241051B16439D00D571F6 /* InfiniteScroll */,
				BDF241041B16439D00D571F6 /* Products */,
				F1463387D490DEA32E9B55C9 /* Pods */,
				718CDE9E8CB212DAEEFB6084 /* Frameworks */,
			);
			indentWidth = 2;
			sourceTree = "<group>";
			tabWidth = 2;
		};
		BDF241041B16439D00D571F6 /* Products */ = {
			isa = PBXGroup;
			children = (
				BDF241031B16439D00D571F6 /* InfiniteScroll.app */,
			);
			name = Products;
			sourceTree = "<group>";
		};
		BDF241051B16439D00D571F6 /* InfiniteScroll */ = {
			isa = PBXGroup;
			children = (
				BDF241281B1643E000D571F6 /* Podfile */,
				BDF241081B16439D00D571F6 /* AppDelegate.swift */,
				BDF2410A1B16439D00D571F6 /* ViewController.swift */,
				BDFD40F51B18A2B800A8A55D /* DetailViewController.swift */,
				BDF2410F1B16439D00D571F6 /* Images.xcassets */,
				BDF241061B16439D00D571F6 /* Supporting Files */,
			);
			path = InfiniteScroll;
			sourceTree = "<group>";
		};
		BDF241061B16439D00D571F6 /* Supporting Files */ = {
			isa = PBXGroup;
			children = (
				BD2ED3D21B1B8D1700FC0034 /* icon.png */,
				D5B7714B1B170310008CC3B3 /* LaunchScreen.xib */,
				BDF241071B16439D00D571F6 /* Info.plist */,
				D5D9C6E91B265F4B00871872 /* Localizable.stringsdict */,
				D5D9C6EF1B265F7F00871872 /* Localizable.strings */,
			);
			name = "Supporting Files";
			sourceTree = "<group>";
		};
		F1463387D490DEA32E9B55C9 /* Pods */ = {
			isa = PBXGroup;
			children = (
				C9CA9B2940F1605E016CD681 /* Pods.debug.xcconfig */,
				4445859C2DFFDE1F2F93C359 /* Pods.release.xcconfig */,
			);
			name = Pods;
			sourceTree = "<group>";
		};
/* End PBXGroup section */

/* Begin PBXNativeTarget section */
		BDF241021B16439D00D571F6 /* InfiniteScroll */ = {
			isa = PBXNativeTarget;
			buildConfigurationList = BDF241221B16439D00D571F6 /* Build configuration list for PBXNativeTarget "InfiniteScroll" */;
			buildPhases = (
				78EEDFECFCA1718D5162A6E6 /* Check Pods Manifest.lock */,
				BDF240FF1B16439D00D571F6 /* Sources */,
				BDF241001B16439D00D571F6 /* Frameworks */,
				BDF241011B16439D00D571F6 /* Resources */,
				626A6FAEC1E11AC0CD10C6F9 /* Embed Pods Frameworks */,
				C26B3D1A2B94D32D9DBB3FDF /* Copy Pods Resources */,
			);
			buildRules = (
			);
			dependencies = (
			);
			name = InfiniteScroll;
			productName = InfiniteScroll;
			productReference = BDF241031B16439D00D571F6 /* InfiniteScroll.app */;
			productType = "com.apple.product-type.application";
		};
/* End PBXNativeTarget section */

/* Begin PBXProject section */
		BDF240FB1B16439D00D571F6 /* Project object */ = {
			isa = PBXProject;
			attributes = {
				LastSwiftUpdateCheck = 0700;
				LastUpgradeCheck = 0700;
				ORGANIZATIONNAME = Hyper;
				TargetAttributes = {
					BDF241021B16439D00D571F6 = {
						CreatedOnToolsVersion = 6.3.2;
					};
				};
			};
			buildConfigurationList = BDF240FE1B16439D00D571F6 /* Build configuration list for PBXProject "InfiniteScroll" */;
			compatibilityVersion = "Xcode 3.2";
			developmentRegion = English;
			hasScannedForEncodings = 0;
			knownRegions = (
				en,
				Base,
			);
			mainGroup = BDF240FA1B16439D00D571F6;
			productRefGroup = BDF241041B16439D00D571F6 /* Products */;
			projectDirPath = "";
			projectRoot = "";
			targets = (
				BDF241021B16439D00D571F6 /* InfiniteScroll */,
			);
		};
/* End PBXProject section */

/* Begin PBXResourcesBuildPhase section */
		BDF241011B16439D00D571F6 /* Resources */ = {
			isa = PBXResourcesBuildPhase;
			buildActionMask = 2147483647;
			files = (
				BD2ED3D31B1B8D1700FC0034 /* icon.png in Resources */,
				D5D9C6ED1B265F7F00871872 /* Localizable.strings in Resources */,
				D5D9C6E71B265F4B00871872 /* Localizable.stringsdict in Resources */,
				BDF241291B1643E000D571F6 /* Podfile in Resources */,
				D5B7714C1B170310008CC3B3 /* LaunchScreen.xib in Resources */,
				BDF241101B16439D00D571F6 /* Images.xcassets in Resources */,
			);
			runOnlyForDeploymentPostprocessing = 0;
		};
/* End PBXResourcesBuildPhase section */

/* Begin PBXShellScriptBuildPhase section */
		626A6FAEC1E11AC0CD10C6F9 /* Embed Pods Frameworks */ = {
			isa = PBXShellScriptBuildPhase;
			buildActionMask = 2147483647;
			files = (
			);
			inputPaths = (
			);
			name = "Embed Pods Frameworks";
			outputPaths = (
			);
			runOnlyForDeploymentPostprocessing = 0;
			shellPath = /bin/sh;
			shellScript = "\"${SRCROOT}/Pods/Target Support Files/Pods/Pods-frameworks.sh\"\n";
			showEnvVarsInLog = 0;
		};
		78EEDFECFCA1718D5162A6E6 /* Check Pods Manifest.lock */ = {
			isa = PBXShellScriptBuildPhase;
			buildActionMask = 2147483647;
			files = (
			);
			inputPaths = (
			);
			name = "Check Pods Manifest.lock";
			outputPaths = (
			);
			runOnlyForDeploymentPostprocessing = 0;
			shellPath = /bin/sh;
			shellScript = "diff \"${PODS_ROOT}/../Podfile.lock\" \"${PODS_ROOT}/Manifest.lock\" > /dev/null\nif [[ $? != 0 ]] ; then\n    cat << EOM\nerror: The sandbox is not in sync with the Podfile.lock. Run 'pod install' or update your CocoaPods installation.\nEOM\n    exit 1\nfi\n";
			showEnvVarsInLog = 0;
		};
		C26B3D1A2B94D32D9DBB3FDF /* Copy Pods Resources */ = {
			isa = PBXShellScriptBuildPhase;
			buildActionMask = 2147483647;
			files = (
			);
			inputPaths = (
			);
			name = "Copy Pods Resources";
			outputPaths = (
			);
			runOnlyForDeploymentPostprocessing = 0;
			shellPath = /bin/sh;
			shellScript = "\"${SRCROOT}/Pods/Target Support Files/Pods/Pods-resources.sh\"\n";
			showEnvVarsInLog = 0;
		};
/* End PBXShellScriptBuildPhase section */

/* Begin PBXSourcesBuildPhase section */
		BDF240FF1B16439D00D571F6 /* Sources */ = {
			isa = PBXSourcesBuildPhase;
			buildActionMask = 2147483647;
			files = (
				BDFD40F61B18A2B800A8A55D /* DetailViewController.swift in Sources */,
				BDF2410B1B16439D00D571F6 /* ViewController.swift in Sources */,
				BDF241091B16439D00D571F6 /* AppDelegate.swift in Sources */,
			);
			runOnlyForDeploymentPostprocessing = 0;
		};
/* End PBXSourcesBuildPhase section */

/* Begin PBXVariantGroup section */
		D5D9C6E91B265F4B00871872 /* Localizable.stringsdict */ = {
			isa = PBXVariantGroup;
			children = (
				D5D9C6E81B265F4B00871872 /* Base */,
				D5D9C6EA1B265F4C00871872 /* en */,
			);
			name = Localizable.stringsdict;
			sourceTree = "<group>";
		};
		D5D9C6EF1B265F7F00871872 /* Localizable.strings */ = {
			isa = PBXVariantGroup;
			children = (
				D5D9C6EE1B265F7F00871872 /* Base */,
				D5D9C6F01B265F8100871872 /* en */,
			);
			name = Localizable.strings;
			sourceTree = "<group>";
		};
/* End PBXVariantGroup section */

/* Begin XCBuildConfiguration section */
		BDF241201B16439D00D571F6 /* Debug */ = {
			isa = XCBuildConfiguration;
			buildSettings = {
				ALWAYS_SEARCH_USER_PATHS = NO;
				CLANG_CXX_LANGUAGE_STANDARD = "gnu++0x";
				CLANG_CXX_LIBRARY = "libc++";
				CLANG_ENABLE_MODULES = YES;
				CLANG_ENABLE_OBJC_ARC = YES;
				CLANG_WARN_BOOL_CONVERSION = YES;
				CLANG_WARN_CONSTANT_CONVERSION = YES;
				CLANG_WARN_DIRECT_OBJC_ISA_USAGE = YES_ERROR;
				CLANG_WARN_EMPTY_BODY = YES;
				CLANG_WARN_ENUM_CONVERSION = YES;
				CLANG_WARN_INT_CONVERSION = YES;
				CLANG_WARN_OBJC_ROOT_CLASS = YES_ERROR;
				CLANG_WARN_UNREACHABLE_CODE = YES;
				CLANG_WARN__DUPLICATE_METHOD_MATCH = YES;
				"CODE_SIGN_IDENTITY[sdk=iphoneos*]" = "iPhone Developer";
				COPY_PHASE_STRIP = NO;
				DEBUG_INFORMATION_FORMAT = "dwarf-with-dsym";
				ENABLE_STRICT_OBJC_MSGSEND = YES;
				ENABLE_TESTABILITY = YES;
				GCC_C_LANGUAGE_STANDARD = gnu99;
				GCC_DYNAMIC_NO_PIC = NO;
				GCC_NO_COMMON_BLOCKS = YES;
				GCC_OPTIMIZATION_LEVEL = 0;
				GCC_PREPROCESSOR_DEFINITIONS = (
					"DEBUG=1",
					"$(inherited)",
				);
				GCC_SYMBOLS_PRIVATE_EXTERN = NO;
				GCC_WARN_64_TO_32_BIT_CONVERSION = YES;
				GCC_WARN_ABOUT_RETURN_TYPE = YES_ERROR;
				GCC_WARN_UNDECLARED_SELECTOR = YES;
				GCC_WARN_UNINITIALIZED_AUTOS = YES_AGGRESSIVE;
				GCC_WARN_UNUSED_FUNCTION = YES;
				GCC_WARN_UNUSED_VARIABLE = YES;
				IPHONEOS_DEPLOYMENT_TARGET = 8.3;
				MTL_ENABLE_DEBUG_INFO = YES;
				ONLY_ACTIVE_ARCH = YES;
				SDKROOT = iphoneos;
				SWIFT_OPTIMIZATION_LEVEL = "-Onone";
			};
			name = Debug;
		};
		BDF241211B16439D00D571F6 /* Release */ = {
			isa = XCBuildConfiguration;
			buildSettings = {
				ALWAYS_SEARCH_USER_PATHS = NO;
				CLANG_CXX_LANGUAGE_STANDARD = "gnu++0x";
				CLANG_CXX_LIBRARY = "libc++";
				CLANG_ENABLE_MODULES = YES;
				CLANG_ENABLE_OBJC_ARC = YES;
				CLANG_WARN_BOOL_CONVERSION = YES;
				CLANG_WARN_CONSTANT_CONVERSION = YES;
				CLANG_WARN_DIRECT_OBJC_ISA_USAGE = YES_ERROR;
				CLANG_WARN_EMPTY_BODY = YES;
				CLANG_WARN_ENUM_CONVERSION = YES;
				CLANG_WARN_INT_CONVERSION = YES;
				CLANG_WARN_OBJC_ROOT_CLASS = YES_ERROR;
				CLANG_WARN_UNREACHABLE_CODE = YES;
				CLANG_WARN__DUPLICATE_METHOD_MATCH = YES;
				"CODE_SIGN_IDENTITY[sdk=iphoneos*]" = "iPhone Developer";
				COPY_PHASE_STRIP = NO;
				DEBUG_INFORMATION_FORMAT = "dwarf-with-dsym";
				ENABLE_NS_ASSERTIONS = NO;
				ENABLE_STRICT_OBJC_MSGSEND = YES;
				GCC_C_LANGUAGE_STANDARD = gnu99;
				GCC_NO_COMMON_BLOCKS = YES;
				GCC_WARN_64_TO_32_BIT_CONVERSION = YES;
				GCC_WARN_ABOUT_RETURN_TYPE = YES_ERROR;
				GCC_WARN_UNDECLARED_SELECTOR = YES;
				GCC_WARN_UNINITIALIZED_AUTOS = YES_AGGRESSIVE;
				GCC_WARN_UNUSED_FUNCTION = YES;
				GCC_WARN_UNUSED_VARIABLE = YES;
				IPHONEOS_DEPLOYMENT_TARGET = 8.3;
				MTL_ENABLE_DEBUG_INFO = NO;
				SDKROOT = iphoneos;
				VALIDATE_PRODUCT = YES;
			};
			name = Release;
		};
		BDF241231B16439D00D571F6 /* Debug */ = {
			isa = XCBuildConfiguration;
			baseConfigurationReference = C9CA9B2940F1605E016CD681 /* Pods.debug.xcconfig */;
			buildSettings = {
				ASSETCATALOG_COMPILER_APPICON_NAME = AppIcon;
				INFOPLIST_FILE = InfiniteScroll/Info.plist;
				LD_RUNPATH_SEARCH_PATHS = "$(inherited) @executable_path/Frameworks";
				PRODUCT_BUNDLE_IDENTIFIER = "no.hyper.$(PRODUCT_NAME:rfc1034identifier)";
				PRODUCT_NAME = "$(TARGET_NAME)";
				TARGETED_DEVICE_FAMILY = "1,2";
			};
			name = Debug;
		};
		BDF241241B16439D00D571F6 /* Release */ = {
			isa = XCBuildConfiguration;
			baseConfigurationReference = 4445859C2DFFDE1F2F93C359 /* Pods.release.xcconfig */;
			buildSettings = {
				ASSETCATALOG_COMPILER_APPICON_NAME = AppIcon;
				INFOPLIST_FILE = InfiniteScroll/Info.plist;
				LD_RUNPATH_SEARCH_PATHS = "$(inherited) @executable_path/Frameworks";
				PRODUCT_BUNDLE_IDENTIFIER = "no.hyper.$(PRODUCT_NAME:rfc1034identifier)";
				PRODUCT_NAME = "$(TARGET_NAME)";
				TARGETED_DEVICE_FAMILY = "1,2";
			};
			name = Release;
		};
/* End XCBuildConfiguration section */

/* Begin XCConfigurationList section */
		BDF240FE1B16439D00D571F6 /* Build configuration list for PBXProject "InfiniteScroll" */ = {
			isa = XCConfigurationList;
			buildConfigurations = (
				BDF241201B16439D00D571F6 /* Debug */,
				BDF241211B16439D00D571F6 /* Release */,
			);
			defaultConfigurationIsVisible = 0;
			defaultConfigurationName = Release;
		};
		BDF241221B16439D00D571F6 /* Build configuration list for PBXNativeTarget "InfiniteScroll" */ = {
			isa = XCConfigurationList;
			buildConfigurations = (
				BDF241231B16439D00D571F6 /* Debug */,
				BDF241241B16439D00D571F6 /* Release */,
			);
			defaultConfigurationIsVisible = 0;
			defaultConfigurationName = Release;
		};
/* End XCConfigurationList section */
	};
	rootObject = BDF240FB1B16439D00D571F6 /* Project object */;
}
