// !$*UTF8*$!
{
	archiveVersion = 1;
	classes = {
	};
	objectVersion = 46;
	objects = {

/* Begin PBXBuildFile section */
		BD3236AB1B0FD5A700ADDFB0 /* PostView.swift in Sources */ = {isa = PBXBuildFile; fileRef = BD3236A91B0FD5A700ADDFB0 /* PostView.swift */; };
		BD3236AC1B0FD5A700ADDFB0 /* PostViewCell.swift in Sources */ = {isa = PBXBuildFile; fileRef = BD3236AA1B0FD5A700ADDFB0 /* PostViewCell.swift */; };
		BD63CE0E1AEC2C4A0052E95E /* Wall.podspec in Resources */ = {isa = PBXBuildFile; fileRef = BD63CE0D1AEC2C4A0052E95E /* Wall.podspec */; };
		BD8E43DD1AEC2B7700BC0631 /* WallTests.swift in Sources */ = {isa = PBXBuildFile; fileRef = BD8E43DC1AEC2B7700BC0631 /* WallTests.swift */; };
		BD8E43E51AEC2B8200BC0631 /* WallController.swift in Sources */ = {isa = PBXBuildFile; fileRef = BD8E43E21AEC2B8200BC0631 /* WallController.swift */; };
		BD8E43E61AEC2B8200BC0631 /* WallDataSource.swift in Sources */ = {isa = PBXBuildFile; fileRef = BD8E43E31AEC2B8200BC0631 /* WallDataSource.swift */; };
/* End PBXBuildFile section */

/* Begin PBXFileReference section */
		BD3236A91B0FD5A700ADDFB0 /* PostView.swift */ = {isa = PBXFileReference; fileEncoding = 4; lastKnownFileType = sourcecode.swift; path = PostView.swift; sourceTree = "<group>"; };
		BD3236AA1B0FD5A700ADDFB0 /* PostViewCell.swift */ = {isa = PBXFileReference; fileEncoding = 4; lastKnownFileType = sourcecode.swift; path = PostViewCell.swift; sourceTree = "<group>"; };
		BD63CE0D1AEC2C4A0052E95E /* Wall.podspec */ = {isa = PBXFileReference; fileEncoding = 4; lastKnownFileType = text; name = Wall.podspec; path = ../Wall.podspec; sourceTree = "<group>"; };
		BD8E43D71AEC2B7700BC0631 /* WallTests.xctest */ = {isa = PBXFileReference; explicitFileType = wrapper.cfbundle; includeInIndex = 0; path = WallTests.xctest; sourceTree = BUILT_PRODUCTS_DIR; };
		BD8E43DB1AEC2B7700BC0631 /* Info.plist */ = {isa = PBXFileReference; lastKnownFileType = text.plist.xml; path = Info.plist; sourceTree = "<group>"; };
		BD8E43DC1AEC2B7700BC0631 /* WallTests.swift */ = {isa = PBXFileReference; lastKnownFileType = sourcecode.swift; path = WallTests.swift; sourceTree = "<group>"; };
		BD8E43E21AEC2B8200BC0631 /* WallController.swift */ = {isa = PBXFileReference; fileEncoding = 4; lastKnownFileType = sourcecode.swift; path = WallController.swift; sourceTree = "<group>"; };
		BD8E43E31AEC2B8200BC0631 /* WallDataSource.swift */ = {isa = PBXFileReference; fileEncoding = 4; lastKnownFileType = sourcecode.swift; path = WallDataSource.swift; sourceTree = "<group>"; };
/* End PBXFileReference section */

/* Begin PBXFrameworksBuildPhase section */
		BD8E43D41AEC2B7700BC0631 /* Frameworks */ = {
			isa = PBXFrameworksBuildPhase;
			buildActionMask = 2147483647;
			files = (
			);
			runOnlyForDeploymentPostprocessing = 0;
		};
/* End PBXFrameworksBuildPhase section */

/* Begin PBXGroup section */
		BD8E43CC1AEC2B5700BC0631 = {
			isa = PBXGroup;
			children = (
				BD63CE0D1AEC2C4A0052E95E /* Wall.podspec */,
				BD8E43E11AEC2B8200BC0631 /* Source */,
				BD8E43D91AEC2B7700BC0631 /* WallTests */,
				BD8E43D81AEC2B7700BC0631 /* Products */,
			);
			indentWidth = 2;
			sourceTree = "<group>";
			tabWidth = 2;
		};
		BD8E43D81AEC2B7700BC0631 /* Products */ = {
			isa = PBXGroup;
			children = (
				BD8E43D71AEC2B7700BC0631 /* WallTests.xctest */,
			);
			name = Products;
			sourceTree = "<group>";
		};
		BD8E43D91AEC2B7700BC0631 /* WallTests */ = {
			isa = PBXGroup;
			children = (
				BD8E43DC1AEC2B7700BC0631 /* WallTests.swift */,
				BD8E43DA1AEC2B7700BC0631 /* Supporting Files */,
			);
			path = WallTests;
			sourceTree = "<group>";
		};
		BD8E43DA1AEC2B7700BC0631 /* Supporting Files */ = {
			isa = PBXGroup;
			children = (
				BD8E43DB1AEC2B7700BC0631 /* Info.plist */,
			);
			name = "Supporting Files";
			sourceTree = "<group>";
		};
		BD8E43E11AEC2B8200BC0631 /* Source */ = {
			isa = PBXGroup;
			children = (
				BD3236A91B0FD5A700ADDFB0 /* PostView.swift */,
				BD3236AA1B0FD5A700ADDFB0 /* PostViewCell.swift */,
				BD8E43E21AEC2B8200BC0631 /* WallController.swift */,
				BD8E43E31AEC2B8200BC0631 /* WallDataSource.swift */,
			);
			name = Source;
			path = ../Source;
			sourceTree = "<group>";
		};
/* End PBXGroup section */

/* Begin PBXNativeTarget section */
		BD8E43D61AEC2B7700BC0631 /* WallTests */ = {
			isa = PBXNativeTarget;
			buildConfigurationList = BD8E43DE1AEC2B7700BC0631 /* Build configuration list for PBXNativeTarget "WallTests" */;
			buildPhases = (
				BD8E43D31AEC2B7700BC0631 /* Sources */,
				BD8E43D41AEC2B7700BC0631 /* Frameworks */,
				BD8E43D51AEC2B7700BC0631 /* Resources */,
			);
			buildRules = (
			);
			dependencies = (
			);
			name = WallTests;
			productName = WallTests;
			productReference = BD8E43D71AEC2B7700BC0631 /* WallTests.xctest */;
			productType = "com.apple.product-type.bundle.unit-test";
		};
/* End PBXNativeTarget section */

/* Begin PBXProject section */
		BD8E43CD1AEC2B5700BC0631 /* Project object */ = {
			isa = PBXProject;
			attributes = {
				LastUpgradeCheck = 0630;
				TargetAttributes = {
					BD8E43D61AEC2B7700BC0631 = {
						CreatedOnToolsVersion = 6.3.1;
					};
				};
			};
			buildConfigurationList = BD8E43D01AEC2B5700BC0631 /* Build configuration list for PBXProject "Tests" */;
			compatibilityVersion = "Xcode 3.2";
			developmentRegion = English;
			hasScannedForEncodings = 0;
			knownRegions = (
				en,
			);
			mainGroup = BD8E43CC1AEC2B5700BC0631;
			productRefGroup = BD8E43D81AEC2B7700BC0631 /* Products */;
			projectDirPath = "";
			projectRoot = "";
			targets = (
				BD8E43D61AEC2B7700BC0631 /* WallTests */,
			);
		};
/* End PBXProject section */

/* Begin PBXResourcesBuildPhase section */
		BD8E43D51AEC2B7700BC0631 /* Resources */ = {
			isa = PBXResourcesBuildPhase;
			buildActionMask = 2147483647;
			files = (
				BD63CE0E1AEC2C4A0052E95E /* Wall.podspec in Resources */,
			);
			runOnlyForDeploymentPostprocessing = 0;
		};
/* End PBXResourcesBuildPhase section */

/* Begin PBXSourcesBuildPhase section */
		BD8E43D31AEC2B7700BC0631 /* Sources */ = {
			isa = PBXSourcesBuildPhase;
			buildActionMask = 2147483647;
			files = (
				BD8E43DD1AEC2B7700BC0631 /* WallTests.swift in Sources */,
				BD8E43E51AEC2B8200BC0631 /* WallController.swift in Sources */,
				BD3236AB1B0FD5A700ADDFB0 /* PostView.swift in Sources */,
				BD8E43E61AEC2B8200BC0631 /* WallDataSource.swift in Sources */,
				BD3236AC1B0FD5A700ADDFB0 /* PostViewCell.swift in Sources */,
			);
			runOnlyForDeploymentPostprocessing = 0;
		};
/* End PBXSourcesBuildPhase section */

/* Begin XCBuildConfiguration section */
		BD8E43D11AEC2B5700BC0631 /* Debug */ = {
			isa = XCBuildConfiguration;
			buildSettings = {
			};
			name = Debug;
		};
		BD8E43D21AEC2B5700BC0631 /* Release */ = {
			isa = XCBuildConfiguration;
			buildSettings = {
			};
			name = Release;
		};
		BD8E43DF1AEC2B7700BC0631 /* Debug */ = {
			isa = XCBuildConfiguration;
			buildSettings = {
				ALWAYS_SEARCH_USER_PATHS = NO;
				CLANG_CXX_LANGUAGE_STANDARD = "gnu++0x";
				CLANG_CXX_LIBRARY = "libc++";
				CLANG_ENABLE_MODULES = YES;
				CLANG_ENABLE_OBJC_ARC = YES;
				CLANG_WARN_BOOL_CONVERSION = YES;
				CLANG_WARN_CONSTANT_CONVERSION = YES;
				CLANG_WARN_DIRECT_OBJC_ISA_USAGE = YES_ERROR;
				CLANG_WARN_EMPTY_BODY = YES;
				CLANG_WARN_ENUM_CONVERSION = YES;
				CLANG_WARN_INT_CONVERSION = YES;
				CLANG_WARN_OBJC_ROOT_CLASS = YES_ERROR;
				CLANG_WARN_UNREACHABLE_CODE = YES;
				CLANG_WARN__DUPLICATE_METHOD_MATCH = YES;
				COPY_PHASE_STRIP = NO;
				DEBUG_INFORMATION_FORMAT = "dwarf-with-dsym";
				ENABLE_STRICT_OBJC_MSGSEND = YES;
				FRAMEWORK_SEARCH_PATHS = (
					"$(SDKROOT)/Developer/Library/Frameworks",
					"$(inherited)",
				);
				GCC_C_LANGUAGE_STANDARD = gnu99;
				GCC_DYNAMIC_NO_PIC = NO;
				GCC_NO_COMMON_BLOCKS = YES;
				GCC_OPTIMIZATION_LEVEL = 0;
				GCC_PREPROCESSOR_DEFINITIONS = (
					"DEBUG=1",
					"$(inherited)",
				);
				GCC_SYMBOLS_PRIVATE_EXTERN = NO;
				GCC_WARN_64_TO_32_BIT_CONVERSION = YES;
				GCC_WARN_ABOUT_RETURN_TYPE = YES_ERROR;
				GCC_WARN_UNDECLARED_SELECTOR = YES;
				GCC_WARN_UNINITIALIZED_AUTOS = YES_AGGRESSIVE;
				GCC_WARN_UNUSED_FUNCTION = YES;
				GCC_WARN_UNUSED_VARIABLE = YES;
				INFOPLIST_FILE = WallTests/Info.plist;
				IPHONEOS_DEPLOYMENT_TARGET = 8.3;
				LD_RUNPATH_SEARCH_PATHS = "$(inherited) @executable_path/Frameworks @loader_path/Frameworks";
				MTL_ENABLE_DEBUG_INFO = YES;
				ONLY_ACTIVE_ARCH = YES;
				PRODUCT_NAME = "$(TARGET_NAME)";
				SDKROOT = iphoneos;
				SWIFT_OPTIMIZATION_LEVEL = "-Onone";
			};
			name = Debug;
		};
		BD8E43E01AEC2B7700BC0631 /* Release */ = {
			isa = XCBuildConfiguration;
			buildSettings = {
				ALWAYS_SEARCH_USER_PATHS = NO;
				CLANG_CXX_LANGUAGE_STANDARD = "gnu++0x";
				CLANG_CXX_LIBRARY = "libc++";
				CLANG_ENABLE_MODULES = YES;
				CLANG_ENABLE_OBJC_ARC = YES;
				CLANG_WARN_BOOL_CONVERSION = YES;
				CLANG_WARN_CONSTANT_CONVERSION = YES;
				CLANG_WARN_DIRECT_OBJC_ISA_USAGE = YES_ERROR;
				CLANG_WARN_EMPTY_BODY = YES;
				CLANG_WARN_ENUM_CONVERSION = YES;
				CLANG_WARN_INT_CONVERSION = YES;
				CLANG_WARN_OBJC_ROOT_CLASS = YES_ERROR;
				CLANG_WARN_UNREACHABLE_CODE = YES;
				CLANG_WARN__DUPLICATE_METHOD_MATCH = YES;
				COPY_PHASE_STRIP = NO;
				DEBUG_INFORMATION_FORMAT = "dwarf-with-dsym";
				ENABLE_NS_ASSERTIONS = NO;
				ENABLE_STRICT_OBJC_MSGSEND = YES;
				FRAMEWORK_SEARCH_PATHS = (
					"$(SDKROOT)/Developer/Library/Frameworks",
					"$(inherited)",
				);
				GCC_C_LANGUAGE_STANDARD = gnu99;
				GCC_NO_COMMON_BLOCKS = YES;
				GCC_WARN_64_TO_32_BIT_CONVERSION = YES;
				GCC_WARN_ABOUT_RETURN_TYPE = YES_ERROR;
				GCC_WARN_UNDECLARED_SELECTOR = YES;
				GCC_WARN_UNINITIALIZED_AUTOS = YES_AGGRESSIVE;
				GCC_WARN_UNUSED_FUNCTION = YES;
				GCC_WARN_UNUSED_VARIABLE = YES;
				INFOPLIST_FILE = WallTests/Info.plist;
				IPHONEOS_DEPLOYMENT_TARGET = 8.3;
				LD_RUNPATH_SEARCH_PATHS = "$(inherited) @executable_path/Frameworks @loader_path/Frameworks";
				MTL_ENABLE_DEBUG_INFO = NO;
				PRODUCT_NAME = "$(TARGET_NAME)";
				SDKROOT = iphoneos;
				VALIDATE_PRODUCT = YES;
			};
			name = Release;
		};
/* End XCBuildConfiguration section */

/* Begin XCConfigurationList section */
		BD8E43D01AEC2B5700BC0631 /* Build configuration list for PBXProject "Tests" */ = {
			isa = XCConfigurationList;
			buildConfigurations = (
				BD8E43D11AEC2B5700BC0631 /* Debug */,
				BD8E43D21AEC2B5700BC0631 /* Release */,
			);
			defaultConfigurationIsVisible = 0;
			defaultConfigurationName = Release;
		};
		BD8E43DE1AEC2B7700BC0631 /* Build configuration list for PBXNativeTarget "WallTests" */ = {
			isa = XCConfigurationList;
			buildConfigurations = (
				BD8E43DF1AEC2B7700BC0631 /* Debug */,
				BD8E43E01AEC2B7700BC0631 /* Release */,
			);
			defaultConfigurationIsVisible = 0;
			defaultConfigurationName = Release;
		};
/* End XCConfigurationList section */
	};
	rootObject = BD8E43CD1AEC2B5700BC0631 /* Project object */;
}
