// !$*UTF8*$!
{
	archiveVersion = 1;
	classes = {
	};
	objectVersion = 46;
	objects = {

/* Begin PBXBuildFile section */
		5ACF8A7971C5B87C7B884888 /* Pods.framework in Frameworks */ = {isa = PBXBuildFile; fileRef = AF2A4CC45790E28F0A49281E /* Pods.framework */; settings = {ATTRIBUTES = (Weak, ); }; };
		BD63CE0E1AEC2C4A0052E95E /* Wall.podspec in Resources */ = {isa = PBXBuildFile; fileRef = BD63CE0D1AEC2C4A0052E95E /* Wall.podspec */; };
		BD8E43E51AEC2B8200BC0631 /* WallController.swift in Sources */ = {isa = PBXBuildFile; fileRef = BD8E43E21AEC2B8200BC0631 /* WallController.swift */; };
		BD8E43E61AEC2B8200BC0631 /* WallDataSource.swift in Sources */ = {isa = PBXBuildFile; fileRef = BD8E43E31AEC2B8200BC0631 /* WallDataSource.swift */; };
		BDA23F511B1F755000595C31 /* Location.swift in Sources */ = {isa = PBXBuildFile; fileRef = BDA23F501B1F755000595C31 /* Location.swift */; };
		BDA23F531B1F759700595C31 /* LocationSpec.swift in Sources */ = {isa = PBXBuildFile; fileRef = BDA23F521B1F759700595C31 /* LocationSpec.swift */; };
		BDA23F551B218A9200595C31 /* Coordinate.swift in Sources */ = {isa = PBXBuildFile; fileRef = BDA23F541B218A9200595C31 /* Coordinate.swift */; };
		BDA23F571B218F3B00595C31 /* CoordinateSpec.swift in Sources */ = {isa = PBXBuildFile; fileRef = BDA23F561B218F3B00595C31 /* CoordinateSpec.swift */; };
		BDF029EE1B2192C900C5027C /* Group.swift in Sources */ = {isa = PBXBuildFile; fileRef = BDF029ED1B2192C900C5027C /* Group.swift */; };
		D52CF6C31B17090A002B4A5A /* Config.swift in Sources */ = {isa = PBXBuildFile; fileRef = D52CF6C21B17090A002B4A5A /* Config.swift */; };
		D52CF6C51B170B06002B4A5A /* WallDelegate.swift in Sources */ = {isa = PBXBuildFile; fileRef = D52CF6C41B170B06002B4A5A /* WallDelegate.swift */; };
		D53A3D0B1B6BC305009602A8 /* WallCellNode.swift in Sources */ = {isa = PBXBuildFile; fileRef = D53A3D0A1B6BC305009602A8 /* WallCellNode.swift */; };
		D53A3D0D1B6BC32F009602A8 /* WallPostHeaderNode.swift in Sources */ = {isa = PBXBuildFile; fileRef = D53A3D0C1B6BC32F009602A8 /* WallPostHeaderNode.swift */; };
		D54B81D81B17147700FB0197 /* PostCellNode.swift in Sources */ = {isa = PBXBuildFile; fileRef = D54B81D71B17147700FB0197 /* PostCellNode.swift */; };
		D54B82061B175FCE00FB0197 /* Attachable.swift in Sources */ = {isa = PBXBuildFile; fileRef = D54B82011B175FCE00FB0197 /* Attachable.swift */; };
		D54B82081B175FCE00FB0197 /* Post.swift in Sources */ = {isa = PBXBuildFile; fileRef = D54B82031B175FCE00FB0197 /* Post.swift */; };
		D54B82091B175FCE00FB0197 /* User.swift in Sources */ = {isa = PBXBuildFile; fileRef = D54B82041B175FCE00FB0197 /* User.swift */; };
		D54B820C1B18647500FB0197 /* ASCellNode+Wall.swift in Sources */ = {isa = PBXBuildFile; fileRef = D54B820B1B18647500FB0197 /* ASCellNode+Wall.swift */; };
		D54B820E1B1868B400FB0197 /* PostCellNodeDelegate.swift in Sources */ = {isa = PBXBuildFile; fileRef = D54B820D1B1868B400FB0197 /* PostCellNodeDelegate.swift */; };
		D558ECA51B1B48B00072D719 /* AttachmentGridNode.swift in Sources */ = {isa = PBXBuildFile; fileRef = D558ECA41B1B48B00072D719 /* AttachmentGridNode.swift */; };
		D558ECA71B1B48C50072D719 /* CommentCellNode.swift in Sources */ = {isa = PBXBuildFile; fileRef = D558ECA61B1B48C50072D719 /* CommentCellNode.swift */; };
		D577C33A1B1B83C1002D8C3B /* CounterNode.swift in Sources */ = {isa = PBXBuildFile; fileRef = D577C3391B1B83C1002D8C3B /* CounterNode.swift */; };
		D5A787B51B27AED700472D32 /* PostActionBarNodeSpec.swift in Sources */ = {isa = PBXBuildFile; fileRef = D5A787B41B27AED700472D32 /* PostActionBarNodeSpec.swift */; };
		D5A787B71B27AF2500472D32 /* PostActionBarNode.swift in Sources */ = {isa = PBXBuildFile; fileRef = D5A787B61B27AF2500472D32 /* PostActionBarNode.swift */; };
		D5A787B91B27B25E00472D32 /* ControlNode.swift in Sources */ = {isa = PBXBuildFile; fileRef = D5A787B81B27B25E00472D32 /* ControlNode.swift */; };
		D5A787BB1B27B51D00472D32 /* ControlNodeSpec.swift in Sources */ = {isa = PBXBuildFile; fileRef = D5A787BA1B27B51D00472D32 /* ControlNodeSpec.swift */; };
		D5D238281B581E7B008AED97 /* Image.swift in Sources */ = {isa = PBXBuildFile; fileRef = D5D238271B581E7B008AED97 /* Image.swift */; };
		D5D2382A1B581EBA008AED97 /* Video.swift in Sources */ = {isa = PBXBuildFile; fileRef = D5D238291B581EBA008AED97 /* Video.swift */; };
		D5F318E01B21B44D00DE9899 /* PostFooterNode.swift in Sources */ = {isa = PBXBuildFile; fileRef = D5F318DF1B21B44D00DE9899 /* PostFooterNode.swift */; };
		D5F318E31B21B4EB00DE9899 /* PostFooterNodeSpec.swift in Sources */ = {isa = PBXBuildFile; fileRef = D5F318E21B21B4EB00DE9899 /* PostFooterNodeSpec.swift */; };
		D5F318E51B21B92600DE9899 /* SpecHelper.swift in Sources */ = {isa = PBXBuildFile; fileRef = D5F318E41B21B92600DE9899 /* SpecHelper.swift */; };
		D5FB99FB1B283BF600121BCC /* CGSize+Wall.swift in Sources */ = {isa = PBXBuildFile; fileRef = D5FB99FA1B283BF600121BCC /* CGSize+Wall.swift */; };
		D5FE39CA1B1C80A20034CD25 /* PostHeaderNode.swift in Sources */ = {isa = PBXBuildFile; fileRef = D5FE39C91B1C80A20034CD25 /* PostHeaderNode.swift */; };
/* End PBXBuildFile section */

/* Begin PBXFileReference section */
		7FA575131D6212B9C9A91AF9 /* Pods.release.xcconfig */ = {isa = PBXFileReference; includeInIndex = 1; lastKnownFileType = text.xcconfig; name = Pods.release.xcconfig; path = "Pods/Target Support Files/Pods/Pods.release.xcconfig"; sourceTree = "<group>"; };
		AF2A4CC45790E28F0A49281E /* Pods.framework */ = {isa = PBXFileReference; explicitFileType = wrapper.framework; includeInIndex = 0; path = Pods.framework; sourceTree = BUILT_PRODUCTS_DIR; };
		BD63CE0D1AEC2C4A0052E95E /* Wall.podspec */ = {isa = PBXFileReference; fileEncoding = 4; lastKnownFileType = text; name = Wall.podspec; path = ../Wall.podspec; sourceTree = "<group>"; };
		BD8E43D71AEC2B7700BC0631 /* WallTests.xctest */ = {isa = PBXFileReference; explicitFileType = wrapper.cfbundle; includeInIndex = 0; path = WallTests.xctest; sourceTree = BUILT_PRODUCTS_DIR; };
		BD8E43DB1AEC2B7700BC0631 /* Info.plist */ = {isa = PBXFileReference; lastKnownFileType = text.plist.xml; path = Info.plist; sourceTree = "<group>"; };
		BD8E43E21AEC2B8200BC0631 /* WallController.swift */ = {isa = PBXFileReference; fileEncoding = 4; lastKnownFileType = sourcecode.swift; path = WallController.swift; sourceTree = "<group>"; };
		BD8E43E31AEC2B8200BC0631 /* WallDataSource.swift */ = {isa = PBXFileReference; fileEncoding = 4; lastKnownFileType = sourcecode.swift; path = WallDataSource.swift; sourceTree = "<group>"; };
		BDA23F501B1F755000595C31 /* Location.swift */ = {isa = PBXFileReference; fileEncoding = 4; lastKnownFileType = sourcecode.swift; path = Location.swift; sourceTree = "<group>"; };
		BDA23F521B1F759700595C31 /* LocationSpec.swift */ = {isa = PBXFileReference; fileEncoding = 4; lastKnownFileType = sourcecode.swift; path = LocationSpec.swift; sourceTree = "<group>"; };
		BDA23F541B218A9200595C31 /* Coordinate.swift */ = {isa = PBXFileReference; fileEncoding = 4; lastKnownFileType = sourcecode.swift; path = Coordinate.swift; sourceTree = "<group>"; };
		BDA23F561B218F3B00595C31 /* CoordinateSpec.swift */ = {isa = PBXFileReference; fileEncoding = 4; lastKnownFileType = sourcecode.swift; path = CoordinateSpec.swift; sourceTree = "<group>"; };
		BDF029ED1B2192C900C5027C /* Group.swift */ = {isa = PBXFileReference; fileEncoding = 4; lastKnownFileType = sourcecode.swift; path = Group.swift; sourceTree = "<group>"; };
		D52CF6C21B17090A002B4A5A /* Config.swift */ = {isa = PBXFileReference; fileEncoding = 4; lastKnownFileType = sourcecode.swift; path = Config.swift; sourceTree = "<group>"; };
		D52CF6C41B170B06002B4A5A /* WallDelegate.swift */ = {isa = PBXFileReference; fileEncoding = 4; lastKnownFileType = sourcecode.swift; path = WallDelegate.swift; sourceTree = "<group>"; };
		D53A3D0A1B6BC305009602A8 /* WallCellNode.swift */ = {isa = PBXFileReference; fileEncoding = 4; lastKnownFileType = sourcecode.swift; path = WallCellNode.swift; sourceTree = "<group>"; };
		D53A3D0C1B6BC32F009602A8 /* WallPostHeaderNode.swift */ = {isa = PBXFileReference; fileEncoding = 4; lastKnownFileType = sourcecode.swift; path = WallPostHeaderNode.swift; sourceTree = "<group>"; };
		D54B81D71B17147700FB0197 /* PostCellNode.swift */ = {isa = PBXFileReference; fileEncoding = 4; lastKnownFileType = sourcecode.swift; path = PostCellNode.swift; sourceTree = "<group>"; };
		D54B82011B175FCE00FB0197 /* Attachable.swift */ = {isa = PBXFileReference; fileEncoding = 4; lastKnownFileType = sourcecode.swift; path = Attachable.swift; sourceTree = "<group>"; };
		D54B82031B175FCE00FB0197 /* Post.swift */ = {isa = PBXFileReference; fileEncoding = 4; lastKnownFileType = sourcecode.swift; path = Post.swift; sourceTree = "<group>"; };
		D54B82041B175FCE00FB0197 /* User.swift */ = {isa = PBXFileReference; fileEncoding = 4; lastKnownFileType = sourcecode.swift; path = User.swift; sourceTree = "<group>"; };
		D54B820B1B18647500FB0197 /* ASCellNode+Wall.swift */ = {isa = PBXFileReference; fileEncoding = 4; lastKnownFileType = sourcecode.swift; path = "ASCellNode+Wall.swift"; sourceTree = "<group>"; };
		D54B820D1B1868B400FB0197 /* PostCellNodeDelegate.swift */ = {isa = PBXFileReference; fileEncoding = 4; lastKnownFileType = sourcecode.swift; path = PostCellNodeDelegate.swift; sourceTree = "<group>"; };
		D558ECA41B1B48B00072D719 /* AttachmentGridNode.swift */ = {isa = PBXFileReference; fileEncoding = 4; lastKnownFileType = sourcecode.swift; path = AttachmentGridNode.swift; sourceTree = "<group>"; };
		D558ECA61B1B48C50072D719 /* CommentCellNode.swift */ = {isa = PBXFileReference; fileEncoding = 4; lastKnownFileType = sourcecode.swift; path = CommentCellNode.swift; sourceTree = "<group>"; };
		D577C3391B1B83C1002D8C3B /* CounterNode.swift */ = {isa = PBXFileReference; fileEncoding = 4; lastKnownFileType = sourcecode.swift; path = CounterNode.swift; sourceTree = "<group>"; };
		D5A787B41B27AED700472D32 /* PostActionBarNodeSpec.swift */ = {isa = PBXFileReference; fileEncoding = 4; lastKnownFileType = sourcecode.swift; path = PostActionBarNodeSpec.swift; sourceTree = "<group>"; };
		D5A787B61B27AF2500472D32 /* PostActionBarNode.swift */ = {isa = PBXFileReference; fileEncoding = 4; lastKnownFileType = sourcecode.swift; path = PostActionBarNode.swift; sourceTree = "<group>"; };
		D5A787B81B27B25E00472D32 /* ControlNode.swift */ = {isa = PBXFileReference; fileEncoding = 4; lastKnownFileType = sourcecode.swift; path = ControlNode.swift; sourceTree = "<group>"; };
		D5A787BA1B27B51D00472D32 /* ControlNodeSpec.swift */ = {isa = PBXFileReference; fileEncoding = 4; lastKnownFileType = sourcecode.swift; path = ControlNodeSpec.swift; sourceTree = "<group>"; };
		D5D238271B581E7B008AED97 /* Image.swift */ = {isa = PBXFileReference; fileEncoding = 4; lastKnownFileType = sourcecode.swift; path = Image.swift; sourceTree = "<group>"; };
		D5D238291B581EBA008AED97 /* Video.swift */ = {isa = PBXFileReference; fileEncoding = 4; lastKnownFileType = sourcecode.swift; path = Video.swift; sourceTree = "<group>"; };
		D5F318DF1B21B44D00DE9899 /* PostFooterNode.swift */ = {isa = PBXFileReference; fileEncoding = 4; lastKnownFileType = sourcecode.swift; path = PostFooterNode.swift; sourceTree = "<group>"; };
		D5F318E21B21B4EB00DE9899 /* PostFooterNodeSpec.swift */ = {isa = PBXFileReference; fileEncoding = 4; lastKnownFileType = sourcecode.swift; path = PostFooterNodeSpec.swift; sourceTree = "<group>"; };
		D5F318E41B21B92600DE9899 /* SpecHelper.swift */ = {isa = PBXFileReference; fileEncoding = 4; lastKnownFileType = sourcecode.swift; path = SpecHelper.swift; sourceTree = "<group>"; };
		D5FB99FA1B283BF600121BCC /* CGSize+Wall.swift */ = {isa = PBXFileReference; fileEncoding = 4; lastKnownFileType = sourcecode.swift; path = "CGSize+Wall.swift"; sourceTree = "<group>"; };
		D5FE39C91B1C80A20034CD25 /* PostHeaderNode.swift */ = {isa = PBXFileReference; fileEncoding = 4; lastKnownFileType = sourcecode.swift; path = PostHeaderNode.swift; sourceTree = "<group>"; };
		F2EED1A0EBE4A097B1FDD549 /* Pods.debug.xcconfig */ = {isa = PBXFileReference; includeInIndex = 1; lastKnownFileType = text.xcconfig; name = Pods.debug.xcconfig; path = "Pods/Target Support Files/Pods/Pods.debug.xcconfig"; sourceTree = "<group>"; };
/* End PBXFileReference section */

/* Begin PBXFrameworksBuildPhase section */
		BD8E43D41AEC2B7700BC0631 /* Frameworks */ = {
			isa = PBXFrameworksBuildPhase;
			buildActionMask = 2147483647;
			files = (
				5ACF8A7971C5B87C7B884888 /* Pods.framework in Frameworks */,
			);
			runOnlyForDeploymentPostprocessing = 0;
		};
/* End PBXFrameworksBuildPhase section */

/* Begin PBXGroup section */
		00FB9A17BBD2FC5A67B23317 /* Frameworks */ = {
			isa = PBXGroup;
			children = (
				AF2A4CC45790E28F0A49281E /* Pods.framework */,
			);
			name = Frameworks;
			sourceTree = "<group>";
		};
		410C1CAD6F0163F01FE8F370 /* Pods */ = {
			isa = PBXGroup;
			children = (
				F2EED1A0EBE4A097B1FDD549 /* Pods.debug.xcconfig */,
				7FA575131D6212B9C9A91AF9 /* Pods.release.xcconfig */,
			);
			name = Pods;
			sourceTree = "<group>";
		};
		BD8E43CC1AEC2B5700BC0631 = {
			isa = PBXGroup;
			children = (
				BD63CE0D1AEC2C4A0052E95E /* Wall.podspec */,
				BD8E43E11AEC2B8200BC0631 /* Source */,
				BD8E43D91AEC2B7700BC0631 /* WallTests */,
				BD8E43D81AEC2B7700BC0631 /* Products */,
				410C1CAD6F0163F01FE8F370 /* Pods */,
				00FB9A17BBD2FC5A67B23317 /* Frameworks */,
			);
			indentWidth = 2;
			sourceTree = "<group>";
			tabWidth = 2;
		};
		BD8E43D81AEC2B7700BC0631 /* Products */ = {
			isa = PBXGroup;
			children = (
				BD8E43D71AEC2B7700BC0631 /* WallTests.xctest */,
			);
			name = Products;
			sourceTree = "<group>";
		};
		BD8E43D91AEC2B7700BC0631 /* WallTests */ = {
			isa = PBXGroup;
			children = (
				D5F318E11B21B4BF00DE9899 /* Nodes */,
				D5FE39CB1B1DA2FE0034CD25 /* Models */,
				BD8E43DA1AEC2B7700BC0631 /* Supporting Files */,
				D5F318E41B21B92600DE9899 /* SpecHelper.swift */,
			);
			path = WallTests;
			sourceTree = "<group>";
		};
		BD8E43DA1AEC2B7700BC0631 /* Supporting Files */ = {
			isa = PBXGroup;
			children = (
				BD8E43DB1AEC2B7700BC0631 /* Info.plist */,
			);
			name = "Supporting Files";
			sourceTree = "<group>";
		};
		BD8E43E11AEC2B8200BC0631 /* Source */ = {
			isa = PBXGroup;
			children = (
				D54B81D61B17147700FB0197 /* Nodes */,
				D54B82001B175FCE00FB0197 /* Models */,
				BDF240F51B163D7300D571F6 /* Extensions */,
				D52CF6C21B17090A002B4A5A /* Config.swift */,
				BD8E43E21AEC2B8200BC0631 /* WallController.swift */,
				D52CF6C41B170B06002B4A5A /* WallDelegate.swift */,
				BD8E43E31AEC2B8200BC0631 /* WallDataSource.swift */,
			);
			name = Source;
			path = ../Source;
			sourceTree = "<group>";
		};
		BDF240F51B163D7300D571F6 /* Extensions */ = {
			isa = PBXGroup;
			children = (
				D5FB99FA1B283BF600121BCC /* CGSize+Wall.swift */,
				D54B820B1B18647500FB0197 /* ASCellNode+Wall.swift */,
			);
			path = Extensions;
			sourceTree = "<group>";
		};
		D53A3D091B6BC2CE009602A8 /* Base */ = {
			isa = PBXGroup;
			children = (
				D53A3D0A1B6BC305009602A8 /* WallCellNode.swift */,
				D53A3D0C1B6BC32F009602A8 /* WallPostHeaderNode.swift */,
			);
			path = Base;
			sourceTree = "<group>";
		};
		D54B81D61B17147700FB0197 /* Nodes */ = {
			isa = PBXGroup;
			children = (
				D53A3D091B6BC2CE009602A8 /* Base */,
				D54B820D1B1868B400FB0197 /* PostCellNodeDelegate.swift */,
				D54B81D71B17147700FB0197 /* PostCellNode.swift */,
				D5FE39C91B1C80A20034CD25 /* PostHeaderNode.swift */,
				D5F318DF1B21B44D00DE9899 /* PostFooterNode.swift */,
				D5A787B61B27AF2500472D32 /* PostActionBarNode.swift */,
				D558ECA41B1B48B00072D719 /* AttachmentGridNode.swift */,
				D577C3391B1B83C1002D8C3B /* CounterNode.swift */,
				D558ECA61B1B48C50072D719 /* CommentCellNode.swift */,
				D5A787B81B27B25E00472D32 /* ControlNode.swift */,
			);
			path = Nodes;
			sourceTree = "<group>";
		};
		D54B82001B175FCE00FB0197 /* Models */ = {
			isa = PBXGroup;
			children = (
				D54B82011B175FCE00FB0197 /* Attachable.swift */,
				BDF029ED1B2192C900C5027C /* Group.swift */,
				BDA23F541B218A9200595C31 /* Coordinate.swift */,
				BDA23F501B1F755000595C31 /* Location.swift */,
				D54B82031B175FCE00FB0197 /* Post.swift */,
				D54B82041B175FCE00FB0197 /* User.swift */,
				D5D238271B581E7B008AED97 /* Image.swift */,
				D5D238291B581EBA008AED97 /* Video.swift */,
			);
			path = Models;
			sourceTree = "<group>";
		};
		D5F318E11B21B4BF00DE9899 /* Nodes */ = {
			isa = PBXGroup;
			children = (
				D5F318E21B21B4EB00DE9899 /* PostFooterNodeSpec.swift */,
				D5A787B41B27AED700472D32 /* PostActionBarNodeSpec.swift */,
				D5A787BA1B27B51D00472D32 /* ControlNodeSpec.swift */,
			);
			path = Nodes;
			sourceTree = "<group>";
		};
		D5FE39CB1B1DA2FE0034CD25 /* Models */ = {
			isa = PBXGroup;
			children = (
				BDA23F561B218F3B00595C31 /* CoordinateSpec.swift */,
				BDA23F521B1F759700595C31 /* LocationSpec.swift */,
			);
			path = Models;
			sourceTree = "<group>";
		};
/* End PBXGroup section */

/* Begin PBXNativeTarget section */
		BD8E43D61AEC2B7700BC0631 /* WallTests */ = {
			isa = PBXNativeTarget;
			buildConfigurationList = BD8E43DE1AEC2B7700BC0631 /* Build configuration list for PBXNativeTarget "WallTests" */;
			buildPhases = (
				1ED6B366B522EB9CB1FA1A33 /* Check Pods Manifest.lock */,
				BD8E43D31AEC2B7700BC0631 /* Sources */,
				BD8E43D41AEC2B7700BC0631 /* Frameworks */,
				BD8E43D51AEC2B7700BC0631 /* Resources */,
				2A9DF597B8F83B096F828E69 /* Embed Pods Frameworks */,
				CA326964CBC6F9199810D8A6 /* Copy Pods Resources */,
			);
			buildRules = (
			);
			dependencies = (
			);
			name = WallTests;
			productName = WallTests;
			productReference = BD8E43D71AEC2B7700BC0631 /* WallTests.xctest */;
			productType = "com.apple.product-type.bundle.unit-test";
		};
/* End PBXNativeTarget section */

/* Begin PBXProject section */
		BD8E43CD1AEC2B5700BC0631 /* Project object */ = {
			isa = PBXProject;
			attributes = {
				LastUpgradeCheck = 0640;
				TargetAttributes = {
					BD8E43D61AEC2B7700BC0631 = {
						CreatedOnToolsVersion = 6.3.1;
					};
				};
			};
			buildConfigurationList = BD8E43D01AEC2B5700BC0631 /* Build configuration list for PBXProject "Tests" */;
			compatibilityVersion = "Xcode 3.2";
			developmentRegion = English;
			hasScannedForEncodings = 0;
			knownRegions = (
				en,
			);
			mainGroup = BD8E43CC1AEC2B5700BC0631;
			productRefGroup = BD8E43D81AEC2B7700BC0631 /* Products */;
			projectDirPath = "";
			projectRoot = "";
			targets = (
				BD8E43D61AEC2B7700BC0631 /* WallTests */,
			);
		};
/* End PBXProject section */

/* Begin PBXResourcesBuildPhase section */
		BD8E43D51AEC2B7700BC0631 /* Resources */ = {
			isa = PBXResourcesBuildPhase;
			buildActionMask = 2147483647;
			files = (
				BD63CE0E1AEC2C4A0052E95E /* Wall.podspec in Resources */,
			);
			runOnlyForDeploymentPostprocessing = 0;
		};
/* End PBXResourcesBuildPhase section */

/* Begin PBXShellScriptBuildPhase section */
		1ED6B366B522EB9CB1FA1A33 /* Check Pods Manifest.lock */ = {
			isa = PBXShellScriptBuildPhase;
			buildActionMask = 2147483647;
			files = (
			);
			inputPaths = (
			);
			name = "Check Pods Manifest.lock";
			outputPaths = (
			);
			runOnlyForDeploymentPostprocessing = 0;
			shellPath = /bin/sh;
			shellScript = "diff \"${PODS_ROOT}/../Podfile.lock\" \"${PODS_ROOT}/Manifest.lock\" > /dev/null\nif [[ $? != 0 ]] ; then\n    cat << EOM\nerror: The sandbox is not in sync with the Podfile.lock. Run 'pod install' or update your CocoaPods installation.\nEOM\n    exit 1\nfi\n";
			showEnvVarsInLog = 0;
		};
		2A9DF597B8F83B096F828E69 /* Embed Pods Frameworks */ = {
			isa = PBXShellScriptBuildPhase;
			buildActionMask = 2147483647;
			files = (
			);
			inputPaths = (
			);
			name = "Embed Pods Frameworks";
			outputPaths = (
			);
			runOnlyForDeploymentPostprocessing = 0;
			shellPath = /bin/sh;
			shellScript = "\"${SRCROOT}/Pods/Target Support Files/Pods/Pods-frameworks.sh\"\n";
			showEnvVarsInLog = 0;
		};
		CA326964CBC6F9199810D8A6 /* Copy Pods Resources */ = {
			isa = PBXShellScriptBuildPhase;
			buildActionMask = 2147483647;
			files = (
			);
			inputPaths = (
			);
			name = "Copy Pods Resources";
			outputPaths = (
			);
			runOnlyForDeploymentPostprocessing = 0;
			shellPath = /bin/sh;
			shellScript = "\"${SRCROOT}/Pods/Target Support Files/Pods/Pods-resources.sh\"\n";
			showEnvVarsInLog = 0;
		};
/* End PBXShellScriptBuildPhase section */

/* Begin PBXSourcesBuildPhase section */
		BD8E43D31AEC2B7700BC0631 /* Sources */ = {
			isa = PBXSourcesBuildPhase;
			buildActionMask = 2147483647;
			files = (
				BDF029EE1B2192C900C5027C /* Group.swift in Sources */,
				D54B82091B175FCE00FB0197 /* User.swift in Sources */,
				D5A787B71B27AF2500472D32 /* PostActionBarNode.swift in Sources */,
				BD8E43E51AEC2B8200BC0631 /* WallController.swift in Sources */,
				BDA23F551B218A9200595C31 /* Coordinate.swift in Sources */,
				D54B82081B175FCE00FB0197 /* Post.swift in Sources */,
				BDA23F531B1F759700595C31 /* LocationSpec.swift in Sources */,
				D5F318E01B21B44D00DE9899 /* PostFooterNode.swift in Sources */,
				D5FB99FB1B283BF600121BCC /* CGSize+Wall.swift in Sources */,
				D54B81D81B17147700FB0197 /* PostCellNode.swift in Sources */,
				D54B82061B175FCE00FB0197 /* Attachable.swift in Sources */,
				D53A3D0D1B6BC32F009602A8 /* WallPostHeaderNode.swift in Sources */,
				D52CF6C31B17090A002B4A5A /* Config.swift in Sources */,
				D54B820C1B18647500FB0197 /* ASCellNode+Wall.swift in Sources */,
				D5A787B51B27AED700472D32 /* PostActionBarNodeSpec.swift in Sources */,
				D5A787BB1B27B51D00472D32 /* ControlNodeSpec.swift in Sources */,
				BD8E43E61AEC2B8200BC0631 /* WallDataSource.swift in Sources */,
				D5A787B91B27B25E00472D32 /* ControlNode.swift in Sources */,
				D5F318E51B21B92600DE9899 /* SpecHelper.swift in Sources */,
				D54B820E1B1868B400FB0197 /* PostCellNodeDelegate.swift in Sources */,
				BDA23F511B1F755000595C31 /* Location.swift in Sources */,
				D558ECA51B1B48B00072D719 /* AttachmentGridNode.swift in Sources */,
				D5D238281B581E7B008AED97 /* Image.swift in Sources */,
				D52CF6C51B170B06002B4A5A /* WallDelegate.swift in Sources */,
				D53A3D0B1B6BC305009602A8 /* WallCellNode.swift in Sources */,
				D5F318E31B21B4EB00DE9899 /* PostFooterNodeSpec.swift in Sources */,
				BDA23F571B218F3B00595C31 /* CoordinateSpec.swift in Sources */,
				D5D2382A1B581EBA008AED97 /* Video.swift in Sources */,
				D5FE39CA1B1C80A20034CD25 /* PostHeaderNode.swift in Sources */,
				D577C33A1B1B83C1002D8C3B /* CounterNode.swift in Sources */,
				D558ECA71B1B48C50072D719 /* CommentCellNode.swift in Sources */,
			);
			runOnlyForDeploymentPostprocessing = 0;
		};
/* End PBXSourcesBuildPhase section */

/* Begin XCBuildConfiguration section */
		BD8E43D11AEC2B5700BC0631 /* Debug */ = {
			isa = XCBuildConfiguration;
			buildSettings = {
				ONLY_ACTIVE_ARCH = YES;
			};
			name = Debug;
		};
		BD8E43D21AEC2B5700BC0631 /* Release */ = {
			isa = XCBuildConfiguration;
			buildSettings = {
			};
			name = Release;
		};
		BD8E43DF1AEC2B7700BC0631 /* Debug */ = {
			isa = XCBuildConfiguration;
			baseConfigurationReference = F2EED1A0EBE4A097B1FDD549 /* Pods.debug.xcconfig */;
			buildSettings = {
				ALWAYS_SEARCH_USER_PATHS = NO;
				CLANG_CXX_LANGUAGE_STANDARD = "gnu++0x";
				CLANG_CXX_LIBRARY = "libc++";
				CLANG_ENABLE_MODULES = YES;
				CLANG_ENABLE_OBJC_ARC = YES;
				CLANG_WARN_BOOL_CONVERSION = YES;
				CLANG_WARN_CONSTANT_CONVERSION = YES;
				CLANG_WARN_DIRECT_OBJC_ISA_USAGE = YES_ERROR;
				CLANG_WARN_EMPTY_BODY = YES;
				CLANG_WARN_ENUM_CONVERSION = YES;
				CLANG_WARN_INT_CONVERSION = YES;
				CLANG_WARN_OBJC_ROOT_CLASS = YES_ERROR;
				CLANG_WARN_UNREACHABLE_CODE = YES;
				CLANG_WARN__DUPLICATE_METHOD_MATCH = YES;
				COPY_PHASE_STRIP = NO;
				DEBUG_INFORMATION_FORMAT = "dwarf-with-dsym";
				ENABLE_STRICT_OBJC_MSGSEND = YES;
				FRAMEWORK_SEARCH_PATHS = (
					"$(SDKROOT)/Developer/Library/Frameworks",
					"$(inherited)",
				);
				GCC_C_LANGUAGE_STANDARD = gnu99;
				GCC_DYNAMIC_NO_PIC = NO;
				GCC_NO_COMMON_BLOCKS = YES;
				GCC_OPTIMIZATION_LEVEL = 0;
				GCC_PREPROCESSOR_DEFINITIONS = (
					"DEBUG=1",
					"$(inherited)",
				);
				GCC_SYMBOLS_PRIVATE_EXTERN = NO;
				GCC_WARN_64_TO_32_BIT_CONVERSION = YES;
				GCC_WARN_ABOUT_RETURN_TYPE = YES_ERROR;
				GCC_WARN_UNDECLARED_SELECTOR = YES;
				GCC_WARN_UNINITIALIZED_AUTOS = YES_AGGRESSIVE;
				GCC_WARN_UNUSED_FUNCTION = YES;
				GCC_WARN_UNUSED_VARIABLE = YES;
				INFOPLIST_FILE = WallTests/Info.plist;
				IPHONEOS_DEPLOYMENT_TARGET = 8.3;
				LD_RUNPATH_SEARCH_PATHS = "$(inherited) @executable_path/Frameworks @loader_path/Frameworks";
				MTL_ENABLE_DEBUG_INFO = YES;
				ONLY_ACTIVE_ARCH = YES;
				PRODUCT_NAME = "$(TARGET_NAME)";
				SDKROOT = iphoneos;
				SWIFT_OPTIMIZATION_LEVEL = "-Onone";
			};
			name = Debug;
		};
		BD8E43E01AEC2B7700BC0631 /* Release */ = {
			isa = XCBuildConfiguration;
			baseConfigurationReference = 7FA575131D6212B9C9A91AF9 /* Pods.release.xcconfig */;
			buildSettings = {
				ALWAYS_SEARCH_USER_PATHS = NO;
				CLANG_CXX_LANGUAGE_STANDARD = "gnu++0x";
				CLANG_CXX_LIBRARY = "libc++";
				CLANG_ENABLE_MODULES = YES;
				CLANG_ENABLE_OBJC_ARC = YES;
				CLANG_WARN_BOOL_CONVERSION = YES;
				CLANG_WARN_CONSTANT_CONVERSION = YES;
				CLANG_WARN_DIRECT_OBJC_ISA_USAGE = YES_ERROR;
				CLANG_WARN_EMPTY_BODY = YES;
				CLANG_WARN_ENUM_CONVERSION = YES;
				CLANG_WARN_INT_CONVERSION = YES;
				CLANG_WARN_OBJC_ROOT_CLASS = YES_ERROR;
				CLANG_WARN_UNREACHABLE_CODE = YES;
				CLANG_WARN__DUPLICATE_METHOD_MATCH = YES;
				COPY_PHASE_STRIP = NO;
				DEBUG_INFORMATION_FORMAT = "dwarf-with-dsym";
				ENABLE_NS_ASSERTIONS = NO;
				ENABLE_STRICT_OBJC_MSGSEND = YES;
				FRAMEWORK_SEARCH_PATHS = (
					"$(SDKROOT)/Developer/Library/Frameworks",
					"$(inherited)",
				);
				GCC_C_LANGUAGE_STANDARD = gnu99;
				GCC_NO_COMMON_BLOCKS = YES;
				GCC_WARN_64_TO_32_BIT_CONVERSION = YES;
				GCC_WARN_ABOUT_RETURN_TYPE = YES_ERROR;
				GCC_WARN_UNDECLARED_SELECTOR = YES;
				GCC_WARN_UNINITIALIZED_AUTOS = YES_AGGRESSIVE;
				GCC_WARN_UNUSED_FUNCTION = YES;
				GCC_WARN_UNUSED_VARIABLE = YES;
				INFOPLIST_FILE = WallTests/Info.plist;
				IPHONEOS_DEPLOYMENT_TARGET = 8.3;
				LD_RUNPATH_SEARCH_PATHS = "$(inherited) @executable_path/Frameworks @loader_path/Frameworks";
				MTL_ENABLE_DEBUG_INFO = NO;
				PRODUCT_NAME = "$(TARGET_NAME)";
				SDKROOT = iphoneos;
				VALIDATE_PRODUCT = YES;
			};
			name = Release;
		};
/* End XCBuildConfiguration section */

/* Begin XCConfigurationList section */
		BD8E43D01AEC2B5700BC0631 /* Build configuration list for PBXProject "Tests" */ = {
			isa = XCConfigurationList;
			buildConfigurations = (
				BD8E43D11AEC2B5700BC0631 /* Debug */,
				BD8E43D21AEC2B5700BC0631 /* Release */,
			);
			defaultConfigurationIsVisible = 0;
			defaultConfigurationName = Release;
		};
		BD8E43DE1AEC2B7700BC0631 /* Build configuration list for PBXNativeTarget "WallTests" */ = {
			isa = XCConfigurationList;
			buildConfigurations = (
				BD8E43DF1AEC2B7700BC0631 /* Debug */,
				BD8E43E01AEC2B7700BC0631 /* Release */,
			);
			defaultConfigurationIsVisible = 0;
			defaultConfigurationName = Release;
		};
/* End XCConfigurationList section */
	};
	rootObject = BD8E43CD1AEC2B5700BC0631 /* Project object */;
}
